
Microsoft Visual Studio Solution File, Format Version 12.00
# Visual Studio Version 17
VisualStudioVersion = 17.9.34728.123
MinimumVisualStudioVersion = 10.0.40219.1
Project("{FAE04EC0-301F-11D3-BF4B-00C04F79EFBC}") = "ApiNet_290_291_T35", "ApiNet_290_291_T35.csproj", "{F9F7388D-6C20-4192-83A9-DB22AD379C3B}"
EndProject
Global
	GlobalSection(SolutionConfigurationPlatforms) = preSolution
		Debug|Any CPU = Debug|Any CPU
		Release|Any CPU = Release|Any CPU
	EndGlobalSection
	GlobalSection(ProjectConfigurationPlatforms) = postSolution
		{F9F7388D-6C20-4192-83A9-DB22AD379C3B}.Debug|Any CPU.ActiveCfg = Debug|Any CPU
		{F9F7388D-6C20-4192-83A9-DB22AD379C3B}.Debug|Any CPU.Build.0 = Debug|Any CPU
		{F9F7388D-6C20-4192-83A9-DB22AD379C3B}.Release|Any CPU.ActiveCfg = Release|Any CPU
		{F9F7388D-6C20-4192-83A9-DB22AD379C3B}.Release|Any CPU.Build.0 = Release|Any CPU
	EndGlobalSection
	GlobalSection(SolutionProperties) = preSolution
		HideSolutionNode = FALSE
	EndGlobalSection
	GlobalSection(ExtensibilityGlobals) = postSolution
		SolutionGuid = {657337B4-96A5-4C2E-8586-BFF763C4E298}
	EndGlobalSection
EndGlobal
